
Microsoft Visual Studio Solution File, Format Version 12.00
# Visual Studio 15
VisualStudioVersion = 15.0.27130.2010
MinimumVisualStudioVersion = 10.0.40219.1
Project("{FAE04EC0-301F-11D3-BF4B-00C04F79EFBC}") = "LogGenerator", "LogGenerator\LogGenerator.csproj", "{735F2488-C157-40A6-938F-C28CFD091FF6}"
EndProject
Project("{FAE04EC0-301F-11D3-BF4B-00C04F79EFBC}") = "LogGeneratorTests", "LogGeneratorTests\LogGeneratorTests.csproj", "{98E4836D-7C8A-4DDA-AF3A-D0AD86F2ECB6}"
EndProject
Project("{FAE04EC0-301F-11D3-BF4B-00C04F79EFBC}") = "LogGenerator.Console", "LogGenerator.Console\LogGenerator.Console.csproj", "{63D11203-8FA6-4B43-BE3D-467D30A1D45F}"
EndProject
Global
	GlobalSection(SolutionConfigurationPlatforms) = preSolution
		Debug|Any CPU = Debug|Any CPU
		Release|Any CPU = Release|Any CPU
	EndGlobalSection
	GlobalSection(ProjectConfigurationPlatforms) = postSolution
		{735F2488-C157-40A6-938F-C28CFD091FF6}.Debug|Any CPU.ActiveCfg = Debug|Any CPU
		{735F2488-C157-40A6-938F-C28CFD091FF6}.Debug|Any CPU.Build.0 = Debug|Any CPU
		{735F2488-C157-40A6-938F-C28CFD091FF6}.Release|Any CPU.ActiveCfg = Release|Any CPU
		{735F2488-C157-40A6-938F-C28CFD091FF6}.Release|Any CPU.Build.0 = Release|Any CPU
		{98E4836D-7C8A-4DDA-AF3A-D0AD86F2ECB6}.Debug|Any CPU.ActiveCfg = Debug|Any CPU
		{98E4836D-7C8A-4DDA-AF3A-D0AD86F2ECB6}.Debug|Any CPU.Build.0 = Debug|Any CPU
		{98E4836D-7C8A-4DDA-AF3A-D0AD86F2ECB6}.Release|Any CPU.ActiveCfg = Release|Any CPU
		{98E4836D-7C8A-4DDA-AF3A-D0AD86F2ECB6}.Release|Any CPU.Build.0 = Release|Any CPU
		{63D11203-8FA6-4B43-BE3D-467D30A1D45F}.Debug|Any CPU.ActiveCfg = Debug|Any CPU
		{63D11203-8FA6-4B43-BE3D-467D30A1D45F}.Debug|Any CPU.Build.0 = Debug|Any CPU
		{63D11203-8FA6-4B43-BE3D-467D30A1D45F}.Release|Any CPU.ActiveCfg = Release|Any CPU
		{63D11203-8FA6-4B43-BE3D-467D30A1D45F}.Release|Any CPU.Build.0 = Release|Any CPU
	EndGlobalSection
	GlobalSection(SolutionProperties) = preSolution
		HideSolutionNode = FALSE
	EndGlobalSection
	GlobalSection(ExtensibilityGlobals) = postSolution
		SolutionGuid = {1B13F6A1-B801-4181-A5CF-478FBD5D4277}
	EndGlobalSection
EndGlobal
